
Microsoft Visual Studio Solution File, Format Version 12.00
# Visual Studio Version 16
VisualStudioVersion = 17.0.31611.283
MinimumVisualStudioVersion = 10.0.40219.1
Project("{9A19103F-16F7-4668-BE54-9A1E7A4F7556}") = "MauiTubePlayer", "MauiTubePlayer\MauiTubePlayer.csproj", "{92F3986E-1D67-4F70-BBE2-766092E9425E}"
EndProject
Project("{FAE04EC0-301F-11D3-BF4B-00C04F79EFBC}") = "Maui.Apps.Framework", "Maui.Apps.Framework\Maui.Apps.Framework.csproj", "{2CB3A55A-9FDB-44C5-9231-04D216E4722C}"
EndProject
Project("{FAE04EC0-301F-11D3-BF4B-00C04F79EFBC}") = "Maui.Controls.BottomSheet", "Maui.Controls.BottomSheet\Maui.Controls.BottomSheet.csproj", "{647D02F1-4DA9-4F64-B853-21C541F1F80E}"
EndProject
Global
	GlobalSection(SolutionConfigurationPlatforms) = preSolution
		Debug|Any CPU = Debug|Any CPU
		Release|Any CPU = Release|Any CPU
	EndGlobalSection
	GlobalSection(ProjectConfigurationPlatforms) = postSolution
		{92F3986E-1D67-4F70-BBE2-766092E9425E}.Debug|Any CPU.ActiveCfg = Debug|Any CPU
		{92F3986E-1D67-4F70-BBE2-766092E9425E}.Debug|Any CPU.Build.0 = Debug|Any CPU
		{92F3986E-1D67-4F70-BBE2-766092E9425E}.Debug|Any CPU.Deploy.0 = Debug|Any CPU
		{92F3986E-1D67-4F70-BBE2-766092E9425E}.Release|Any CPU.ActiveCfg = Release|Any CPU
		{92F3986E-1D67-4F70-BBE2-766092E9425E}.Release|Any CPU.Build.0 = Release|Any CPU
		{92F3986E-1D67-4F70-BBE2-766092E9425E}.Release|Any CPU.Deploy.0 = Release|Any CPU
		{2CB3A55A-9FDB-44C5-9231-04D216E4722C}.Debug|Any CPU.ActiveCfg = Debug|Any CPU
		{2CB3A55A-9FDB-44C5-9231-04D216E4722C}.Debug|Any CPU.Build.0 = Debug|Any CPU
		{2CB3A55A-9FDB-44C5-9231-04D216E4722C}.Release|Any CPU.ActiveCfg = Release|Any CPU
		{2CB3A55A-9FDB-44C5-9231-04D216E4722C}.Release|Any CPU.Build.0 = Release|Any CPU
		{647D02F1-4DA9-4F64-B853-21C541F1F80E}.Debug|Any CPU.ActiveCfg = Debug|Any CPU
		{647D02F1-4DA9-4F64-B853-21C541F1F80E}.Debug|Any CPU.Build.0 = Debug|Any CPU
		{647D02F1-4DA9-4F64-B853-21C541F1F80E}.Release|Any CPU.ActiveCfg = Release|Any CPU
		{647D02F1-4DA9-4F64-B853-21C541F1F80E}.Release|Any CPU.Build.0 = Release|Any CPU
	EndGlobalSection
	GlobalSection(SolutionProperties) = preSolution
		HideSolutionNode = FALSE
	EndGlobalSection
	GlobalSection(ExtensibilityGlobals) = postSolution
		SolutionGuid = {61F7FB11-1E47-470C-91E2-47F8143E1572}
	EndGlobalSection
EndGlobal
